{
    "_readme": [
        "This file locks the dependencies of your project to a known state",
        "Read more about it at https://getcomposer.org/doc/01-basic-usage.md#installing-dependencies",
        "This file is @generated automatically"
    ],
    "content-hash": "9da69122a0165dec2fb35a1606241a01",
    "packages": [
        {
            "name": "wpmetabox/meta-box",
            "version": "5.3.7",
            "source": {
                "type": "git",
                "url": "https://github.com/wpmetabox/meta-box.git",
                "reference": "d9fd98cf3300dd37e35cbd2ad77021315e792d7c"
            },
            "dist": {
                "type": "zip",
                "url": "https://api.github.com/repos/wpmetabox/meta-box/zipball/d9fd98cf3300dd37e35cbd2ad77021315e792d7c",
                "reference": "d9fd98cf3300dd37e35cbd2ad77021315e792d7c",
                "shasum": ""
            },
            "type": "wordpress-plugin",
            "notification-url": "https://packagist.org/downloads/",
            "license": [
                "GPL-2.0"
            ],
            "authors": [
                {
                    "name": "Tran Ngoc Tuan Anh",
                    "email": "anhtnt@elightup.com",
                    "homepage": "https://metabox.io",
                    "role": "Developer"
                }
            ],
            "description": "A powerful, professional developer toolkit to create custom meta boxes and custom fields for WordPress websites.",
            "homepage": "https://metabox.io",
            "keywords": [
                "custom-field",
                "meta-box",
                "select2",
                "ui",
                "wordpress",
                "wordpress-plugin",
                "wp-admin"
            ],
            "support": {
                "issues": "https://github.com/wpmetabox/meta-box/issues",
                "source": "https://github.com/wpmetabox/meta-box/tree/5.3.7"
            },
            "time": "2021-01-11T10:41:39+00:00"
        }
    ],
    "packages-dev": [],
    "aliases": [],
    "minimum-stability": "stable",
    "stability-flags": [],
    "prefer-stable": false,
    "prefer-lowest": false,
    "platform": [],
    "platform-dev": [],
    "plugin-api-version": "2.0.0"
}
